// !$*UTF8*$!
{
	archiveVersion = 1;
	classes = {
	};
	objectVersion = 55;
	objects = {

/* Begin PBXBuildFile section */
		C637E42E27B67397001B66A8 /* AppDelegate.swift in Sources */ = {isa = PBXBuildFile; fileRef = C637E42D27B67397001B66A8 /* AppDelegate.swift */; };
		C637E43027B67397001B66A8 /* SceneDelegate.swift in Sources */ = {isa = PBXBuildFile; fileRef = C637E42F27B67397001B66A8 /* SceneDelegate.swift */; };
		C637E43227B67397001B66A8 /* DestiniesController.swift in Sources */ = {isa = PBXBuildFile; fileRef = C637E43127B67397001B66A8 /* DestiniesController.swift */; };
		C637E43527B67397001B66A8 /* Main.storyboard in Resources */ = {isa = PBXBuildFile; fileRef = C637E43327B67397001B66A8 /* Main.storyboard */; };
		C637E43727B6739A001B66A8 /* Assets.xcassets in Resources */ = {isa = PBXBuildFile; fileRef = C637E43627B6739A001B66A8 /* Assets.xcassets */; };
		C637E43A27B6739A001B66A8 /* LaunchScreen.storyboard in Resources */ = {isa = PBXBuildFile; fileRef = C637E43827B6739A001B66A8 /* LaunchScreen.storyboard */; };
		C637E44527B675DE001B66A8 /* DestiniesRepository.swift in Sources */ = {isa = PBXBuildFile; fileRef = C637E44427B675DE001B66A8 /* DestiniesRepository.swift */; };
		C637E44827B67644001B66A8 /* Models.swift in Sources */ = {isa = PBXBuildFile; fileRef = C637E44727B67644001B66A8 /* Models.swift */; };
		C637E44D27B6794A001B66A8 /* Config.swift in Sources */ = {isa = PBXBuildFile; fileRef = C637E44C27B6794A001B66A8 /* Config.swift */; };
		C637E45027B67999001B66A8 /* Extensions.swift in Sources */ = {isa = PBXBuildFile; fileRef = C637E44F27B67999001B66A8 /* Extensions.swift */; };
		C637E45227B679C9001B66A8 /* UIView+Designables.swift in Sources */ = {isa = PBXBuildFile; fileRef = C637E45127B679C9001B66A8 /* UIView+Designables.swift */; };
		C637E45527B68ABF001B66A8 /* RequestResponse.swift in Sources */ = {isa = PBXBuildFile; fileRef = C637E45427B68ABF001B66A8 /* RequestResponse.swift */; };
		C6E19A4E27BA7F3B00F6F3D7 /* DestinyTableViewCell.swift in Sources */ = {isa = PBXBuildFile; fileRef = C6E19A4C27BA7F3B00F6F3D7 /* DestinyTableViewCell.swift */; };
		C6E19A4F27BA7F3B00F6F3D7 /* DestinyTableViewCell.xib in Resources */ = {isa = PBXBuildFile; fileRef = C6E19A4D27BA7F3B00F6F3D7 /* DestinyTableViewCell.xib */; };
		C6E19A5227BA921A00F6F3D7 /* DetailsViewController.swift in Sources */ = {isa = PBXBuildFile; fileRef = C6E19A5127BA921A00F6F3D7 /* DetailsViewController.swift */; };
		C6E19A5427BAA61F00F6F3D7 /* Logger.swift in Sources */ = {isa = PBXBuildFile; fileRef = C6E19A5327BAA61F00F6F3D7 /* Logger.swift */; };
/* End PBXBuildFile section */

/* Begin PBXFileReference section */
		C637E42A27B67397001B66A8 /* PassporterTest.app */ = {isa = PBXFileReference; explicitFileType = wrapper.application; includeInIndex = 0; path = PassporterTest.app; sourceTree = BUILT_PRODUCTS_DIR; };
		C637E42D27B67397001B66A8 /* AppDelegate.swift */ = {isa = PBXFileReference; lastKnownFileType = sourcecode.swift; path = AppDelegate.swift; sourceTree = "<group>"; };
		C637E42F27B67397001B66A8 /* SceneDelegate.swift */ = {isa = PBXFileReference; lastKnownFileType = sourcecode.swift; path = SceneDelegate.swift; sourceTree = "<group>"; };
		C637E43127B67397001B66A8 /* DestiniesController.swift */ = {isa = PBXFileReference; lastKnownFileType = sourcecode.swift; path = DestiniesController.swift; sourceTree = "<group>"; };
		C637E43427B67397001B66A8 /* Base */ = {isa = PBXFileReference; lastKnownFileType = file.storyboard; name = Base; path = Base.lproj/Main.storyboard; sourceTree = "<group>"; };
		C637E43627B6739A001B66A8 /* Assets.xcassets */ = {isa = PBXFileReference; lastKnownFileType = folder.assetcatalog; path = Assets.xcassets; sourceTree = "<group>"; };
		C637E43927B6739A001B66A8 /* Base */ = {isa = PBXFileReference; lastKnownFileType = file.storyboard; name = Base; path = Base.lproj/LaunchScreen.storyboard; sourceTree = "<group>"; };
		C637E43B27B6739A001B66A8 /* Info.plist */ = {isa = PBXFileReference; lastKnownFileType = text.plist.xml; path = Info.plist; sourceTree = "<group>"; };
		C637E44427B675DE001B66A8 /* DestiniesRepository.swift */ = {isa = PBXFileReference; lastKnownFileType = sourcecode.swift; path = DestiniesRepository.swift; sourceTree = "<group>"; };
		C637E44727B67644001B66A8 /* Models.swift */ = {isa = PBXFileReference; lastKnownFileType = sourcecode.swift; path = Models.swift; sourceTree = "<group>"; };
		C637E44C27B6794A001B66A8 /* Config.swift */ = {isa = PBXFileReference; lastKnownFileType = sourcecode.swift; path = Config.swift; sourceTree = "<group>"; };
		C637E44F27B67999001B66A8 /* Extensions.swift */ = {isa = PBXFileReference; lastKnownFileType = sourcecode.swift; path = Extensions.swift; sourceTree = "<group>"; };
		C637E45127B679C9001B66A8 /* UIView+Designables.swift */ = {isa = PBXFileReference; lastKnownFileType = sourcecode.swift; path = "UIView+Designables.swift"; sourceTree = "<group>"; };
		C637E45427B68ABF001B66A8 /* RequestResponse.swift */ = {isa = PBXFileReference; lastKnownFileType = sourcecode.swift; path = RequestResponse.swift; sourceTree = "<group>"; };
		C6E19A4C27BA7F3B00F6F3D7 /* DestinyTableViewCell.swift */ = {isa = PBXFileReference; lastKnownFileType = sourcecode.swift; path = DestinyTableViewCell.swift; sourceTree = "<group>"; };
		C6E19A4D27BA7F3B00F6F3D7 /* DestinyTableViewCell.xib */ = {isa = PBXFileReference; lastKnownFileType = file.xib; path = DestinyTableViewCell.xib; sourceTree = "<group>"; };
		C6E19A5127BA921A00F6F3D7 /* DetailsViewController.swift */ = {isa = PBXFileReference; lastKnownFileType = sourcecode.swift; path = DetailsViewController.swift; sourceTree = "<group>"; };
		C6E19A5327BAA61F00F6F3D7 /* Logger.swift */ = {isa = PBXFileReference; lastKnownFileType = sourcecode.swift; path = Logger.swift; sourceTree = "<group>"; };
/* End PBXFileReference section */

/* Begin PBXFrameworksBuildPhase section */
		C637E42727B67397001B66A8 /* Frameworks */ = {
			isa = PBXFrameworksBuildPhase;
			buildActionMask = 2147483647;
			files = (
			);
			runOnlyForDeploymentPostprocessing = 0;
		};
/* End PBXFrameworksBuildPhase section */

/* Begin PBXGroup section */
		C637E42127B67397001B66A8 = {
			isa = PBXGroup;
			children = (
				C637E42C27B67397001B66A8 /* PassporterTest */,
				C637E42B27B67397001B66A8 /* Products */,
			);
			sourceTree = "<group>";
		};
		C637E42B27B67397001B66A8 /* Products */ = {
			isa = PBXGroup;
			children = (
				C637E42A27B67397001B66A8 /* PassporterTest.app */,
			);
			name = Products;
			sourceTree = "<group>";
		};
		C637E42C27B67397001B66A8 /* PassporterTest */ = {
			isa = PBXGroup;
			children = (
				C637E45327B679E0001B66A8 /* Presentation */,
				C637E44E27B6798A001B66A8 /* Utils */,
				C637E44B27B67936001B66A8 /* Infraestructure */,
				C637E44627B6762F001B66A8 /* Entities */,
				C637E44127B67598001B66A8 /* Data */,
				C637E42D27B67397001B66A8 /* AppDelegate.swift */,
				C637E42F27B67397001B66A8 /* SceneDelegate.swift */,
				C637E43327B67397001B66A8 /* Main.storyboard */,
				C637E43827B6739A001B66A8 /* LaunchScreen.storyboard */,
				C637E43627B6739A001B66A8 /* Assets.xcassets */,
				C637E43B27B6739A001B66A8 /* Info.plist */,
			);
			path = PassporterTest;
			sourceTree = "<group>";
		};
		C637E44127B67598001B66A8 /* Data */ = {
			isa = PBXGroup;
			children = (
				C637E44427B675DE001B66A8 /* DestiniesRepository.swift */,
			);
			path = Data;
			sourceTree = "<group>";
		};
		C637E44627B6762F001B66A8 /* Entities */ = {
			isa = PBXGroup;
			children = (
				C637E44727B67644001B66A8 /* Models.swift */,
				C637E45427B68ABF001B66A8 /* RequestResponse.swift */,
			);
			path = Entities;
			sourceTree = "<group>";
		};
		C637E44B27B67936001B66A8 /* Infraestructure */ = {
			isa = PBXGroup;
			children = (
				C637E44C27B6794A001B66A8 /* Config.swift */,
			);
			path = Infraestructure;
			sourceTree = "<group>";
		};
		C637E44E27B6798A001B66A8 /* Utils */ = {
			isa = PBXGroup;
			children = (
				C637E44F27B67999001B66A8 /* Extensions.swift */,
				C637E45127B679C9001B66A8 /* UIView+Designables.swift */,
				C6E19A5327BAA61F00F6F3D7 /* Logger.swift */,
			);
			path = Utils;
			sourceTree = "<group>";
		};
		C637E45327B679E0001B66A8 /* Presentation */ = {
			isa = PBXGroup;
			children = (
				C6E19A5027BA7F5000F6F3D7 /* Cells */,
				C637E43127B67397001B66A8 /* DestiniesController.swift */,
				C6E19A5127BA921A00F6F3D7 /* DetailsViewController.swift */,
			);
			path = Presentation;
			sourceTree = "<group>";
		};
		C6E19A5027BA7F5000F6F3D7 /* Cells */ = {
			isa = PBXGroup;
			children = (
				C6E19A4C27BA7F3B00F6F3D7 /* DestinyTableViewCell.swift */,
				C6E19A4D27BA7F3B00F6F3D7 /* DestinyTableViewCell.xib */,
			);
			path = Cells;
			sourceTree = "<group>";
		};
/* End PBXGroup section */

/* Begin PBXNativeTarget section */
		C637E42927B67397001B66A8 /* PassporterTest */ = {
			isa = PBXNativeTarget;
			buildConfigurationList = C637E43E27B6739A001B66A8 /* Build configuration list for PBXNativeTarget "PassporterTest" */;
			buildPhases = (
				C637E42627B67397001B66A8 /* Sources */,
				C637E42727B67397001B66A8 /* Frameworks */,
				C637E42827B67397001B66A8 /* Resources */,
			);
			buildRules = (
			);
			dependencies = (
			);
			name = PassporterTest;
			productName = PassporterTest;
			productReference = C637E42A27B67397001B66A8 /* PassporterTest.app */;
			productType = "com.apple.product-type.application";
		};
/* End PBXNativeTarget section */

/* Begin PBXProject section */
		C637E42227B67397001B66A8 /* Project object */ = {
			isa = PBXProject;
			attributes = {
				BuildIndependentTargetsInParallel = 1;
				LastSwiftUpdateCheck = 1320;
				LastUpgradeCheck = 1320;
				TargetAttributes = {
					C637E42927B67397001B66A8 = {
						CreatedOnToolsVersion = 13.2.1;
					};
				};
			};
			buildConfigurationList = C637E42527B67397001B66A8 /* Build configuration list for PBXProject "PassporterTest" */;
			compatibilityVersion = "Xcode 13.0";
			developmentRegion = en;
			hasScannedForEncodings = 0;
			knownRegions = (
				en,
				Base,
			);
			mainGroup = C637E42127B67397001B66A8;
			productRefGroup = C637E42B27B67397001B66A8 /* Products */;
			projectDirPath = "";
			projectRoot = "";
			targets = (
				C637E42927B67397001B66A8 /* PassporterTest */,
			);
		};
/* End PBXProject section */

/* Begin PBXResourcesBuildPhase section */
		C637E42827B67397001B66A8 /* Resources */ = {
			isa = PBXResourcesBuildPhase;
			buildActionMask = 2147483647;
			files = (
				C6E19A4F27BA7F3B00F6F3D7 /* DestinyTableViewCell.xib in Resources */,
				C637E43A27B6739A001B66A8 /* LaunchScreen.storyboard in Resources */,
				C637E43727B6739A001B66A8 /* Assets.xcassets in Resources */,
				C637E43527B67397001B66A8 /* Main.storyboard in Resources */,
			);
			runOnlyForDeploymentPostprocessing = 0;
		};
/* End PBXResourcesBuildPhase section */

/* Begin PBXSourcesBuildPhase section */
		C637E42627B67397001B66A8 /* Sources */ = {
			isa = PBXSourcesBuildPhase;
			buildActionMask = 2147483647;
			files = (
				C637E43227B67397001B66A8 /* DestiniesController.swift in Sources */,
				C637E42E27B67397001B66A8 /* AppDelegate.swift in Sources */,
				C637E45027B67999001B66A8 /* Extensions.swift in Sources */,
				C6E19A5227BA921A00F6F3D7 /* DetailsViewController.swift in Sources */,
				C637E45227B679C9001B66A8 /* UIView+Designables.swift in Sources */,
				C637E44D27B6794A001B66A8 /* Config.swift in Sources */,
				C637E43027B67397001B66A8 /* SceneDelegate.swift in Sources */,
				C6E19A5427BAA61F00F6F3D7 /* Logger.swift in Sources */,
				C6E19A4E27BA7F3B00F6F3D7 /* DestinyTableViewCell.swift in Sources */,
				C637E44827B67644001B66A8 /* Models.swift in Sources */,
				C637E45527B68ABF001B66A8 /* RequestResponse.swift in Sources */,
				C637E44527B675DE001B66A8 /* DestiniesRepository.swift in Sources */,
			);
			runOnlyForDeploymentPostprocessing = 0;
		};
/* End PBXSourcesBuildPhase section */

/* Begin PBXVariantGroup section */
		C637E43327B67397001B66A8 /* Main.storyboard */ = {
			isa = PBXVariantGroup;
			children = (
				C637E43427B67397001B66A8 /* Base */,
			);
			name = Main.storyboard;
			sourceTree = "<group>";
		};
		C637E43827B6739A001B66A8 /* LaunchScreen.storyboard */ = {
			isa = PBXVariantGroup;
			children = (
				C637E43927B6739A001B66A8 /* Base */,
			);
			name = LaunchScreen.storyboard;
			sourceTree = "<group>";
		};
/* End PBXVariantGroup section */

/* Begin XCBuildConfiguration section */
		C637E43C27B6739A001B66A8 /* Debug */ = {
			isa = XCBuildConfiguration;
			buildSettings = {
				ALWAYS_SEARCH_USER_PATHS = NO;
				CLANG_ANALYZER_NONNULL = YES;
				CLANG_ANALYZER_NUMBER_OBJECT_CONVERSION = YES_AGGRESSIVE;
				CLANG_CXX_LANGUAGE_STANDARD = "gnu++17";
				CLANG_CXX_LIBRARY = "libc++";
				CLANG_ENABLE_MODULES = YES;
				CLANG_ENABLE_OBJC_ARC = YES;
				CLANG_ENABLE_OBJC_WEAK = YES;
				CLANG_WARN_BLOCK_CAPTURE_AUTORELEASING = YES;
				CLANG_WARN_BOOL_CONVERSION = YES;
				CLANG_WARN_COMMA = YES;
				CLANG_WARN_CONSTANT_CONVERSION = YES;
				CLANG_WARN_DEPRECATED_OBJC_IMPLEMENTATIONS = YES;
				CLANG_WARN_DIRECT_OBJC_ISA_USAGE = YES_ERROR;
				CLANG_WARN_DOCUMENTATION_COMMENTS = YES;
				CLANG_WARN_EMPTY_BODY = YES;
				CLANG_WARN_ENUM_CONVERSION = YES;
				CLANG_WARN_INFINITE_RECURSION = YES;
				CLANG_WARN_INT_CONVERSION = YES;
				CLANG_WARN_NON_LITERAL_NULL_CONVERSION = YES;
				CLANG_WARN_OBJC_IMPLICIT_RETAIN_SELF = YES;
				CLANG_WARN_OBJC_LITERAL_CONVERSION = YES;
				CLANG_WARN_OBJC_ROOT_CLASS = YES_ERROR;
				CLANG_WARN_QUOTED_INCLUDE_IN_FRAMEWORK_HEADER = YES;
				CLANG_WARN_RANGE_LOOP_ANALYSIS = YES;
				CLANG_WARN_STRICT_PROTOTYPES = YES;
				CLANG_WARN_SUSPICIOUS_MOVE = YES;
				CLANG_WARN_UNGUARDED_AVAILABILITY = YES_AGGRESSIVE;
				CLANG_WARN_UNREACHABLE_CODE = YES;
				CLANG_WARN__DUPLICATE_METHOD_MATCH = YES;
				COPY_PHASE_STRIP = NO;
				DEBUG_INFORMATION_FORMAT = dwarf;
				ENABLE_STRICT_OBJC_MSGSEND = YES;
				ENABLE_TESTABILITY = YES;
				GCC_C_LANGUAGE_STANDARD = gnu11;
				GCC_DYNAMIC_NO_PIC = NO;
				GCC_NO_COMMON_BLOCKS = YES;
				GCC_OPTIMIZATION_LEVEL = 0;
				GCC_PREPROCESSOR_DEFINITIONS = (
					"DEBUG=1",
					"$(inherited)",
				);
				GCC_WARN_64_TO_32_BIT_CONVERSION = YES;
				GCC_WARN_ABOUT_RETURN_TYPE = YES_ERROR;
				GCC_WARN_UNDECLARED_SELECTOR = YES;
				GCC_WARN_UNINITIALIZED_AUTOS = YES_AGGRESSIVE;
				GCC_WARN_UNUSED_FUNCTION = YES;
				GCC_WARN_UNUSED_VARIABLE = YES;
				IPHONEOS_DEPLOYMENT_TARGET = 15.0;
				MTL_ENABLE_DEBUG_INFO = INCLUDE_SOURCE;
				MTL_FAST_MATH = YES;
				ONLY_ACTIVE_ARCH = YES;
				SDKROOT = iphoneos;
				SWIFT_ACTIVE_COMPILATION_CONDITIONS = DEBUG;
				SWIFT_OPTIMIZATION_LEVEL = "-Onone";
			};
			name = Debug;
		};
		C637E43D27B6739A001B66A8 /* Release */ = {
			isa = XCBuildConfiguration;
			buildSettings = {
				ALWAYS_SEARCH_USER_PATHS = NO;
				CLANG_ANALYZER_NONNULL = YES;
				CLANG_ANALYZER_NUMBER_OBJECT_CONVERSION = YES_AGGRESSIVE;
				CLANG_CXX_LANGUAGE_STANDARD = "gnu++17";
				CLANG_CXX_LIBRARY = "libc++";
				CLANG_ENABLE_MODULES = YES;
				CLANG_ENABLE_OBJC_ARC = YES;
				CLANG_ENABLE_OBJC_WEAK = YES;
				CLANG_WARN_BLOCK_CAPTURE_AUTORELEASING = YES;
				CLANG_WARN_BOOL_CONVERSION = YES;
				CLANG_WARN_COMMA = YES;
				CLANG_WARN_CONSTANT_CONVERSION = YES;
				CLANG_WARN_DEPRECATED_OBJC_IMPLEMENTATIONS = YES;
				CLANG_WARN_DIRECT_OBJC_ISA_USAGE = YES_ERROR;
				CLANG_WARN_DOCUMENTATION_COMMENTS = YES;
				CLANG_WARN_EMPTY_BODY = YES;
				CLANG_WARN_ENUM_CONVERSION = YES;
				CLANG_WARN_INFINITE_RECURSION = YES;
				CLANG_WARN_INT_CONVERSION = YES;
				CLANG_WARN_NON_LITERAL_NULL_CONVERSION = YES;
				CLANG_WARN_OBJC_IMPLICIT_RETAIN_SELF = YES;
				CLANG_WARN_OBJC_LITERAL_CONVERSION = YES;
				CLANG_WARN_OBJC_ROOT_CLASS = YES_ERROR;
				CLANG_WARN_QUOTED_INCLUDE_IN_FRAMEWORK_HEADER = YES;
				CLANG_WARN_RANGE_LOOP_ANALYSIS = YES;
				CLANG_WARN_STRICT_PROTOTYPES = YES;
				CLANG_WARN_SUSPICIOUS_MOVE = YES;
				CLANG_WARN_UNGUARDED_AVAILABILITY = YES_AGGRESSIVE;
				CLANG_WARN_UNREACHABLE_CODE = YES;
				CLANG_WARN__DUPLICATE_METHOD_MATCH = YES;
				COPY_PHASE_STRIP = NO;
				DEBUG_INFORMATION_FORMAT = "dwarf-with-dsym";
				ENABLE_NS_ASSERTIONS = NO;
				ENABLE_STRICT_OBJC_MSGSEND = YES;
				GCC_C_LANGUAGE_STANDARD = gnu11;
				GCC_NO_COMMON_BLOCKS = YES;
				GCC_WARN_64_TO_32_BIT_CONVERSION = YES;
				GCC_WARN_ABOUT_RETURN_TYPE = YES_ERROR;
				GCC_WARN_UNDECLARED_SELECTOR = YES;
				GCC_WARN_UNINITIALIZED_AUTOS = YES_AGGRESSIVE;
				GCC_WARN_UNUSED_FUNCTION = YES;
				GCC_WARN_UNUSED_VARIABLE = YES;
				IPHONEOS_DEPLOYMENT_TARGET = 15.0;
				MTL_ENABLE_DEBUG_INFO = NO;
				MTL_FAST_MATH = YES;
				SDKROOT = iphoneos;
				SWIFT_COMPILATION_MODE = wholemodule;
				SWIFT_OPTIMIZATION_LEVEL = "-O";
				VALIDATE_PRODUCT = YES;
			};
			name = Release;
		};
		C637E43F27B6739A001B66A8 /* Debug */ = {
			isa = XCBuildConfiguration;
			buildSettings = {
				ASSETCATALOG_COMPILER_APPICON_NAME = AppIcon;
				ASSETCATALOG_COMPILER_GLOBAL_ACCENT_COLOR_NAME = AccentColor;
				CODE_SIGN_STYLE = Automatic;
				CURRENT_PROJECT_VERSION = 1;
				DEVELOPMENT_TEAM = AZMJ2GX8GV;
				GENERATE_INFOPLIST_FILE = YES;
				INFOPLIST_FILE = PassporterTest/Info.plist;
				INFOPLIST_KEY_UIApplicationSupportsIndirectInputEvents = YES;
				INFOPLIST_KEY_UILaunchStoryboardName = LaunchScreen;
				INFOPLIST_KEY_UIMainStoryboardFile = Main;
				INFOPLIST_KEY_UISupportedInterfaceOrientations_iPad = "UIInterfaceOrientationPortrait UIInterfaceOrientationPortraitUpsideDown UIInterfaceOrientationLandscapeLeft UIInterfaceOrientationLandscapeRight";
				INFOPLIST_KEY_UISupportedInterfaceOrientations_iPhone = "UIInterfaceOrientationPortrait UIInterfaceOrientationLandscapeLeft UIInterfaceOrientationLandscapeRight";
				LD_RUNPATH_SEARCH_PATHS = (
					"$(inherited)",
					"@executable_path/Frameworks",
				);
				MARKETING_VERSION = 1.0;
				PRODUCT_BUNDLE_IDENTIFIER = com.testing.PassporterTest;
				PRODUCT_NAME = "$(TARGET_NAME)";
				SWIFT_EMIT_LOC_STRINGS = YES;
				SWIFT_VERSION = 5.0;
				TARGETED_DEVICE_FAMILY = "1,2";
			};
			name = Debug;
		};
		C637E44027B6739A001B66A8 /* Release */ = {
			isa = XCBuildConfiguration;
			buildSettings = {
				ASSETCATALOG_COMPILER_APPICON_NAME = AppIcon;
				ASSETCATALOG_COMPILER_GLOBAL_ACCENT_COLOR_NAME = AccentColor;
				CODE_SIGN_STYLE = Automatic;
				CURRENT_PROJECT_VERSION = 1;
				DEVELOPMENT_TEAM = AZMJ2GX8GV;
				GENERATE_INFOPLIST_FILE = YES;
				INFOPLIST_FILE = PassporterTest/Info.plist;
				INFOPLIST_KEY_UIApplicationSupportsIndirectInputEvents = YES;
				INFOPLIST_KEY_UILaunchStoryboardName = LaunchScreen;
				INFOPLIST_KEY_UIMainStoryboardFile = Main;
				INFOPLIST_KEY_UISupportedInterfaceOrientations_iPad = "UIInterfaceOrientationPortrait UIInterfaceOrientationPortraitUpsideDown UIInterfaceOrientationLandscapeLeft UIInterfaceOrientationLandscapeRight";
				INFOPLIST_KEY_UISupportedInterfaceOrientations_iPhone = "UIInterfaceOrientationPortrait UIInterfaceOrientationLandscapeLeft UIInterfaceOrientationLandscapeRight";
				LD_RUNPATH_SEARCH_PATHS = (
					"$(inherited)",
					"@executable_path/Frameworks",
				);
				MARKETING_VERSION = 1.0;
				PRODUCT_BUNDLE_IDENTIFIER = com.testing.PassporterTest;
				PRODUCT_NAME = "$(TARGET_NAME)";
				SWIFT_EMIT_LOC_STRINGS = YES;
				SWIFT_VERSION = 5.0;
				TARGETED_DEVICE_FAMILY = "1,2";
			};
			name = Release;
		};
/* End XCBuildConfiguration section */

/* Begin XCConfigurationList section */
		C637E42527B67397001B66A8 /* Build configuration list for PBXProject "PassporterTest" */ = {
			isa = XCConfigurationList;
			buildConfigurations = (
				C637E43C27B6739A001B66A8 /* Debug */,
				C637E43D27B6739A001B66A8 /* Release */,
			);
			defaultConfigurationIsVisible = 0;
			defaultConfigurationName = Release;
		};
		C637E43E27B6739A001B66A8 /* Build configuration list for PBXNativeTarget "PassporterTest" */ = {
			isa = XCConfigurationList;
			buildConfigurations = (
				C637E43F27B6739A001B66A8 /* Debug */,
				C637E44027B6739A001B66A8 /* Release */,
			);
			defaultConfigurationIsVisible = 0;
			defaultConfigurationName = Release;
		};
/* End XCConfigurationList section */
	};
	rootObject = C637E42227B67397001B66A8 /* Project object */;
}
